
Microsoft Visual Studio Solution File, Format Version 12.00
# Visual Studio Version 17
VisualStudioVersion = 17.2.32210.308
MinimumVisualStudioVersion = 10.0.40219.1
Project("{9A19103F-16F7-4668-BE54-9A1E7A4F7556}") = "SRWJData", "SRWJData\SRWJData.csproj", "{78AC5792-24DC-4BF5-BBAC-9DCDC9F38CF1}"
EndProject
Project("{9A19103F-16F7-4668-BE54-9A1E7A4F7556}") = "SRWJEditV", "SRWJEditV\SRWJEditV.csproj", "{B4F21711-282C-403A-B3BD-D94181C9AC8F}"
EndProject
Global
	GlobalSection(SolutionConfigurationPlatforms) = preSolution
		Debug|Any CPU = Debug|Any CPU
		Release|Any CPU = Release|Any CPU
	EndGlobalSection
	GlobalSection(ProjectConfigurationPlatforms) = postSolution
		{78AC5792-24DC-4BF5-BBAC-9DCDC9F38CF1}.Debug|Any CPU.ActiveCfg = Debug|Any CPU
		{78AC5792-24DC-4BF5-BBAC-9DCDC9F38CF1}.Debug|Any CPU.Build.0 = Debug|Any CPU
		{78AC5792-24DC-4BF5-BBAC-9DCDC9F38CF1}.Release|Any CPU.ActiveCfg = Release|Any CPU
		{78AC5792-24DC-4BF5-BBAC-9DCDC9F38CF1}.Release|Any CPU.Build.0 = Release|Any CPU
		{B4F21711-282C-403A-B3BD-D94181C9AC8F}.Debug|Any CPU.ActiveCfg = Debug|Any CPU
		{B4F21711-282C-403A-B3BD-D94181C9AC8F}.Debug|Any CPU.Build.0 = Debug|Any CPU
		{B4F21711-282C-403A-B3BD-D94181C9AC8F}.Release|Any CPU.ActiveCfg = Release|Any CPU
		{B4F21711-282C-403A-B3BD-D94181C9AC8F}.Release|Any CPU.Build.0 = Release|Any CPU
	EndGlobalSection
	GlobalSection(SolutionProperties) = preSolution
		HideSolutionNode = FALSE
	EndGlobalSection
	GlobalSection(ExtensibilityGlobals) = postSolution
		SolutionGuid = {1DCFD15F-0158-444E-AC3E-AC874AEE343C}
	EndGlobalSection
EndGlobal
